{
  "lockfileVersion": 2,
  "configVersion": 1,
  "workspaces": {
    "": {
      "name": "openchamber-modelselect",
      "dependencies": {
        "@openchamber/sdk": "2.0.3",
      },
    },
  },
  "packages": {
    "@openchamber/sdk": ["@openchamber/sdk@2.0.3", "", { "dependencies": { "zod": "^4.3.6" }, "bin": { "openchamber-guest-bundle": "scripts/bundle-guest.ts" } }, "sha512-gCoXJT3hOvEqjoWRoo7chdfS6DUEevO8x65PEr6AdfOYEbaqEWnFBWnckOPOEFHRiauGF/ItCD7ed+p2gQPmjQ=="],

    "zod": ["zod@4.6.5", "", {}, "sha512-v5l/aFXZQeai4awLbOpSoHecE9UiMrnfx75tEXLjNonXVARxQ5mOeipTjROUchszUNCqnE+hqAMujRsRHsut2Q=="],
  }
}
