{
  "lockfileVersion": 2,
  "configVersion": 1,
  "workspaces": {
    "": {
      "name": "openchamber-modelselect",
      "dependencies": {
        "@openchamber/sdk": "2.0.2",
      },
    },
  },
  "packages": {
    "@openchamber/sdk": ["@openchamber/sdk@2.0.2", "", { "dependencies": { "zod": "^4.3.6" }, "bin": { "openchamber-guest-bundle": "scripts/bundle-guest.ts" } }, "sha512-EqSqRD8KsVads5YooObCmqrTGUbYTJ440ap7Rt9kFVTfhi4qMKPNZ25ReELFa+cJBpzDjdHKo8BziwOdC1EM1g=="],

    "zod": ["zod@4.6.5", "", {}, "sha512-v5l/aFXZQeai4awLbOpSoHecE9UiMrnfx75tEXLjNonXVARxQ5mOeipTjROUchszUNCqnE+hqAMujRsRHsut2Q=="],
  }
}
